github.com/BurntSushi/toml v0.3.0 h1:e1/Ivsx3Z0FVTV0NSOv/aVgbUWyQuzj7DDnFblkRvsY=
github.com/BurntSushi/toml v0.3.0/go.mod h1:xHWCNGjB5oqiDr8zfno3MHue2Ht5sIBksp03qcyfWMU=
github.com/google/subcommands v0.0.0-20180618214453-5bae204cdfb2 h1:xT8XvBDdhTRgh/lZ94y4WLPjbIMh4Gsxcho5SyBMIaM=
github.com/google/subcommands v0.0.0-20180618214453-5bae204cdfb2/go.mod h1:ZjhPrFU+Olkh9WazFPsl27BQ4UPiG37m3yTrtFlrHVk=
github.com/mattn/go-sqlite3 v1.9.0 h1:pDRiWfl+++eC2FEFRy6jXmQlvp4Yh3z1MJKg4UeYM/4=
github.com/mattn/go-sqlite3 v1.9.0/go.mod h1:FPy6KqzDD04eiIsT53CuJW3U88zkxoIYsOqkbpncsNc=
github.com/pkg/errors v0.8.0 h1:WdK/asTD0HN+q6hsWO3/vpuAkAr+tw6aNJNDFFf0+qw=
github.com/pkg/errors v0.8.0/go.mod h1:bwawxfHBFNV+L2hUp1rHADufV3IMtnDRdf1r5NINEl0=
go.felesatra.moe/anidb v1.0.0 h1:sPwiseiIjabBPoq4/0Xb9LBpt2elSKo46uho+NvOccw=
go.felesatra.moe/anidb v1.0.0/go.mod h1:Z7984zDdonpL0erJ8uNmvuA9PQcSJcUlyXb73aBKQ9M=
go.felesatra.moe/anidb v1.0.1 h1:IsAnmG69n/4sKNFT039+wYiRYUB5zbjYpj6/sgc75y0=
go.felesatra.moe/anidb v1.0.1/go.mod h1:zo5/RyGL/2EuTehp8r+rur1348uidTLOZmD1NDfrFfE=
go.felesatra.moe/anidb v1.0.2 h1:81SkKj6bRZcdAPBwu2/MWBndagpunN2o2dVugMiViQw=
go.felesatra.moe/anidb v1.0.2/go.mod h1:zo5/RyGL/2EuTehp8r+rur1348uidTLOZmD1NDfrFfE=
go.felesatra.moe/xdg v0.0.0-20180609034518-93689817508c/go.mod h1:PA/TEhZdEMC3MpbKiuYdx3i8QbsiXhzQPBZLT557LVg=
go.felesatra.moe/xdg v0.0.0-20180916213731-249cb5fe4f69 h1:ypwJJaXoWOILIxpwGevO/gGsRhuTFM6VIsiNLY1t++g=
go.felesatra.moe/xdg v0.0.0-20180916213731-249cb5fe4f69/go.mod h1:PA/TEhZdEMC3MpbKiuYdx3i8QbsiXhzQPBZLT557LVg=
golang.org/x/xerrors v0.0.0-20190513163551-3ee3066db522 h1:bhOzK9QyoD0ogCnFro1m2mz41+Ib0oOhfJnBp5MR4K4=
golang.org/x/xerrors v0.0.0-20190513163551-3ee3066db522/go.mod h1:I/5z698sn9Ka8TeJc9MKroUUfqBBauWjQqLJ2OPfmY0=
golang.org/x/xerrors v0.0.0-20190717185122-a985d3407aa7/go.mod h1:I/5z698sn9Ka8TeJc9MKroUUfqBBauWjQqLJ2OPfmY0=
